
Microsoft Visual Studio Solution File, Format Version 12.00
# Visual Studio Version 17
VisualStudioVersion = 17.0.32112.339
MinimumVisualStudioVersion = 10.0.40219.1
Project("{FAE04EC0-301F-11D3-BF4B-00C04F79EFBC}") = "ArrayListApp", "ArrayListApp\ArrayListApp.csproj", "{32B71E94-BE85-4772-A08E-679B42392338}"
EndProject
Global
	GlobalSection(SolutionConfigurationPlatforms) = preSolution
		Debug|Any CPU = Debug|Any CPU
		Release|Any CPU = Release|Any CPU
	EndGlobalSection
	GlobalSection(ProjectConfigurationPlatforms) = postSolution
		{32B71E94-BE85-4772-A08E-679B42392338}.Debug|Any CPU.ActiveCfg = Debug|Any CPU
		{32B71E94-BE85-4772-A08E-679B42392338}.Debug|Any CPU.Build.0 = Debug|Any CPU
		{32B71E94-BE85-4772-A08E-679B42392338}.Release|Any CPU.ActiveCfg = Release|Any CPU
		{32B71E94-BE85-4772-A08E-679B42392338}.Release|Any CPU.Build.0 = Release|Any CPU
	EndGlobalSection
	GlobalSection(SolutionProperties) = preSolution
		HideSolutionNode = FALSE
	EndGlobalSection
	GlobalSection(ExtensibilityGlobals) = postSolution
		SolutionGuid = {30399F58-4C2C-4884-99CC-FA0392DA8995}
	EndGlobalSection
EndGlobal
